
Microsoft Visual Studio Solution File, Format Version 12.00
# Visual Studio Version 16
VisualStudioVersion = 16.0.30907.101
MinimumVisualStudioVersion = 10.0.40219.1
Project("{8BC9CEB8-8B4A-11D0-8D11-00A0C91BC942}") = "ProjectEuler", "ProjectEuler\ProjectEuler.vcxproj", "{E2AC50BB-4BD9-4E4F-8DC7-96FC9FCA9DCF}"
	ProjectSection(ProjectDependencies) = postProject
		{AA78D400-3651-4A2C-9262-43B068247FB2} = {AA78D400-3651-4A2C-9262-43B068247FB2}
	EndProjectSection
EndProject
Project("{8BC9CEB8-8B4A-11D0-8D11-00A0C91BC942}") = "Problem0001", "Problem0001\Problem0001.vcxproj", "{81292665-508A-4E4E-B1C4-0425E6DA83E8}"
EndProject
Project("{8BC9CEB8-8B4A-11D0-8D11-00A0C91BC942}") = "Problem0002", "Problem0002\Problem0002.vcxproj", "{CB1A5C7D-C1CD-4257-B257-8394ECDD4D08}"
EndProject
Project("{8BC9CEB8-8B4A-11D0-8D11-00A0C91BC942}") = "Problem0003", "Problem0003\Problem0003.vcxproj", "{5AA2925E-9C2C-4BC0-BE9B-03A4D1F8AB7C}"
EndProject
Project("{8BC9CEB8-8B4A-11D0-8D11-00A0C91BC942}") = "Problem0004", "Problem0004\Problem0004.vcxproj", "{84E3A5BE-F51C-4025-8BA2-55655F7CC3D5}"
EndProject
Project("{8BC9CEB8-8B4A-11D0-8D11-00A0C91BC942}") = "Problem0005", "Problem0005\Problem0005.vcxproj", "{02944777-34DF-4C52-A8E9-EFF47D39B7AE}"
EndProject
Project("{8BC9CEB8-8B4A-11D0-8D11-00A0C91BC942}") = "Problem0006", "Problem0006\Problem0006.vcxproj", "{33A6DE2A-CD84-4A10-911F-6393288043D4}"
EndProject
Project("{8BC9CEB8-8B4A-11D0-8D11-00A0C91BC942}") = "Problem0007", "Problem0007\Problem0007.vcxproj", "{5BE8EBAF-9B9D-4AC3-A584-480C59048F55}"
EndProject
Project("{8BC9CEB8-8B4A-11D0-8D11-00A0C91BC942}") = "Problem0008", "Problem0008\Problem0008.vcxproj", "{380605EA-A225-472A-98F3-9595836875A2}"
EndProject
Project("{8BC9CEB8-8B4A-11D0-8D11-00A0C91BC942}") = "Problem0009", "Problem0009\Problem0009.vcxproj", "{C8890746-2443-421E-8831-B60F15C73166}"
EndProject
Project("{8BC9CEB8-8B4A-11D0-8D11-00A0C91BC942}") = "Problem0010", "Problem0010\Problem0010.vcxproj", "{22084F79-AFCB-465F-885E-507A537D2C2E}"
EndProject
Project("{8BC9CEB8-8B4A-11D0-8D11-00A0C91BC942}") = "Problem0011", "Problem0011\Problem0011.vcxproj", "{A71359B8-2AF7-462C-BF70-DC39821718C9}"
EndProject
Project("{8BC9CEB8-8B4A-11D0-8D11-00A0C91BC942}") = "Problem0012", "Problem0012\Problem0012.vcxproj", "{CA6210A5-EEDF-4A5D-8BB0-13B94404345B}"
EndProject
Project("{8BC9CEB8-8B4A-11D0-8D11-00A0C91BC942}") = "Problem0013", "Problem0013\Problem0013.vcxproj", "{9AEB8948-E557-47D1-A893-FA9452990E47}"
EndProject
Project("{8BC9CEB8-8B4A-11D0-8D11-00A0C91BC942}") = "Problem0014", "Problem0014\Problem0014.vcxproj", "{B8C6757F-70A0-42CC-9E04-FA79C81E0381}"
EndProject
Project("{8BC9CEB8-8B4A-11D0-8D11-00A0C91BC942}") = "Problem0015", "Problem0015\Problem0015.vcxproj", "{633F01C1-BEFB-461B-A07F-0B428BDE8856}"
EndProject
Project("{8BC9CEB8-8B4A-11D0-8D11-00A0C91BC942}") = "Problem0016", "Problem0016\Problem0016.vcxproj", "{B88483A7-5271-4769-AF1D-5D673CD7B23B}"
EndProject
Project("{8BC9CEB8-8B4A-11D0-8D11-00A0C91BC942}") = "Problem0017", "Problem0017\Problem0017.vcxproj", "{EA58BEC2-3655-4D04-A5C5-036663D9E1DD}"
EndProject
Project("{8BC9CEB8-8B4A-11D0-8D11-00A0C91BC942}") = "Problem0018", "Problem0018\Problem0018.vcxproj", "{9E6B44F9-3109-4F03-B3BE-F57673154BD1}"
EndProject
Project("{8BC9CEB8-8B4A-11D0-8D11-00A0C91BC942}") = "EulerLib", "EulerLib\EulerLib.vcxproj", "{AA78D400-3651-4A2C-9262-43B068247FB2}"
EndProject
Project("{8BC9CEB8-8B4A-11D0-8D11-00A0C91BC942}") = "Problem0020", "Problem0020\Problem0020.vcxproj", "{61D43D50-B5F7-4DC2-AFD3-C8A291DB7111}"
EndProject
Project("{8BC9CEB8-8B4A-11D0-8D11-00A0C91BC942}") = "Problem0021", "Problem0021\Problem0021.vcxproj", "{80C27088-92A7-449A-A113-EE6B71A49E29}"
EndProject
Project("{8BC9CEB8-8B4A-11D0-8D11-00A0C91BC942}") = "Problem0022", "Problem0022\Problem0022.vcxproj", "{5E375A4C-1684-4F2F-B985-44422A4BA0E4}"
	ProjectSection(ProjectDependencies) = postProject
		{AA78D400-3651-4A2C-9262-43B068247FB2} = {AA78D400-3651-4A2C-9262-43B068247FB2}
	EndProjectSection
EndProject
Project("{8BC9CEB8-8B4A-11D0-8D11-00A0C91BC942}") = "Problem0023", "Problem0023\Problem0023.vcxproj", "{8C1C1FDC-76F3-431A-BE7A-35983FC00AE3}"
	ProjectSection(ProjectDependencies) = postProject
		{AA78D400-3651-4A2C-9262-43B068247FB2} = {AA78D400-3651-4A2C-9262-43B068247FB2}
	EndProjectSection
EndProject
Project("{8BC9CEB8-8B4A-11D0-8D11-00A0C91BC942}") = "Problem0025", "Problem0025\Problem0025.vcxproj", "{A142DD62-830B-4DC0-90C7-523650B6A565}"
	ProjectSection(ProjectDependencies) = postProject
		{AA78D400-3651-4A2C-9262-43B068247FB2} = {AA78D400-3651-4A2C-9262-43B068247FB2}
	EndProjectSection
EndProject
Global
	GlobalSection(SolutionConfigurationPlatforms) = preSolution
		Debug|x64 = Debug|x64
		Debug|x86 = Debug|x86
		Release|x64 = Release|x64
		Release|x86 = Release|x86
	EndGlobalSection
	GlobalSection(ProjectConfigurationPlatforms) = postSolution
		{E2AC50BB-4BD9-4E4F-8DC7-96FC9FCA9DCF}.Debug|x64.ActiveCfg = Debug|x64
		{E2AC50BB-4BD9-4E4F-8DC7-96FC9FCA9DCF}.Debug|x64.Build.0 = Debug|x64
		{E2AC50BB-4BD9-4E4F-8DC7-96FC9FCA9DCF}.Debug|x86.ActiveCfg = Debug|Win32
		{E2AC50BB-4BD9-4E4F-8DC7-96FC9FCA9DCF}.Debug|x86.Build.0 = Debug|Win32
		{E2AC50BB-4BD9-4E4F-8DC7-96FC9FCA9DCF}.Release|x64.ActiveCfg = Release|x64
		{E2AC50BB-4BD9-4E4F-8DC7-96FC9FCA9DCF}.Release|x64.Build.0 = Release|x64
		{E2AC50BB-4BD9-4E4F-8DC7-96FC9FCA9DCF}.Release|x86.ActiveCfg = Release|Win32
		{E2AC50BB-4BD9-4E4F-8DC7-96FC9FCA9DCF}.Release|x86.Build.0 = Release|Win32
		{81292665-508A-4E4E-B1C4-0425E6DA83E8}.Debug|x64.ActiveCfg = Debug|x64
		{81292665-508A-4E4E-B1C4-0425E6DA83E8}.Debug|x64.Build.0 = Debug|x64
		{81292665-508A-4E4E-B1C4-0425E6DA83E8}.Debug|x86.ActiveCfg = Debug|Win32
		{81292665-508A-4E4E-B1C4-0425E6DA83E8}.Debug|x86.Build.0 = Debug|Win32
		{81292665-508A-4E4E-B1C4-0425E6DA83E8}.Release|x64.ActiveCfg = Release|x64
		{81292665-508A-4E4E-B1C4-0425E6DA83E8}.Release|x64.Build.0 = Release|x64
		{81292665-508A-4E4E-B1C4-0425E6DA83E8}.Release|x86.ActiveCfg = Release|Win32
		{81292665-508A-4E4E-B1C4-0425E6DA83E8}.Release|x86.Build.0 = Release|Win32
		{CB1A5C7D-C1CD-4257-B257-8394ECDD4D08}.Debug|x64.ActiveCfg = Debug|x64
		{CB1A5C7D-C1CD-4257-B257-8394ECDD4D08}.Debug|x64.Build.0 = Debug|x64
		{CB1A5C7D-C1CD-4257-B257-8394ECDD4D08}.Debug|x86.ActiveCfg = Debug|Win32
		{CB1A5C7D-C1CD-4257-B257-8394ECDD4D08}.Debug|x86.Build.0 = Debug|Win32
		{CB1A5C7D-C1CD-4257-B257-8394ECDD4D08}.Release|x64.ActiveCfg = Release|x64
		{CB1A5C7D-C1CD-4257-B257-8394ECDD4D08}.Release|x64.Build.0 = Release|x64
		{CB1A5C7D-C1CD-4257-B257-8394ECDD4D08}.Release|x86.ActiveCfg = Release|Win32
		{CB1A5C7D-C1CD-4257-B257-8394ECDD4D08}.Release|x86.Build.0 = Release|Win32
		{5AA2925E-9C2C-4BC0-BE9B-03A4D1F8AB7C}.Debug|x64.ActiveCfg = Debug|x64
		{5AA2925E-9C2C-4BC0-BE9B-03A4D1F8AB7C}.Debug|x64.Build.0 = Debug|x64
		{5AA2925E-9C2C-4BC0-BE9B-03A4D1F8AB7C}.Debug|x86.ActiveCfg = Debug|Win32
		{5AA2925E-9C2C-4BC0-BE9B-03A4D1F8AB7C}.Debug|x86.Build.0 = Debug|Win32
		{5AA2925E-9C2C-4BC0-BE9B-03A4D1F8AB7C}.Release|x64.ActiveCfg = Release|x64
		{5AA2925E-9C2C-4BC0-BE9B-03A4D1F8AB7C}.Release|x64.Build.0 = Release|x64
		{5AA2925E-9C2C-4BC0-BE9B-03A4D1F8AB7C}.Release|x86.ActiveCfg = Release|Win32
		{5AA2925E-9C2C-4BC0-BE9B-03A4D1F8AB7C}.Release|x86.Build.0 = Release|Win32
		{84E3A5BE-F51C-4025-8BA2-55655F7CC3D5}.Debug|x64.ActiveCfg = Debug|x64
		{84E3A5BE-F51C-4025-8BA2-55655F7CC3D5}.Debug|x64.Build.0 = Debug|x64
		{84E3A5BE-F51C-4025-8BA2-55655F7CC3D5}.Debug|x86.ActiveCfg = Debug|Win32
		{84E3A5BE-F51C-4025-8BA2-55655F7CC3D5}.Debug|x86.Build.0 = Debug|Win32
		{84E3A5BE-F51C-4025-8BA2-55655F7CC3D5}.Release|x64.ActiveCfg = Release|x64
		{84E3A5BE-F51C-4025-8BA2-55655F7CC3D5}.Release|x64.Build.0 = Release|x64
		{84E3A5BE-F51C-4025-8BA2-55655F7CC3D5}.Release|x86.ActiveCfg = Release|Win32
		{84E3A5BE-F51C-4025-8BA2-55655F7CC3D5}.Release|x86.Build.0 = Release|Win32
		{02944777-34DF-4C52-A8E9-EFF47D39B7AE}.Debug|x64.ActiveCfg = Debug|x64
		{02944777-34DF-4C52-A8E9-EFF47D39B7AE}.Debug|x64.Build.0 = Debug|x64
		{02944777-34DF-4C52-A8E9-EFF47D39B7AE}.Debug|x86.ActiveCfg = Debug|Win32
		{02944777-34DF-4C52-A8E9-EFF47D39B7AE}.Debug|x86.Build.0 = Debug|Win32
		{02944777-34DF-4C52-A8E9-EFF47D39B7AE}.Release|x64.ActiveCfg = Release|x64
		{02944777-34DF-4C52-A8E9-EFF47D39B7AE}.Release|x64.Build.0 = Release|x64
		{02944777-34DF-4C52-A8E9-EFF47D39B7AE}.Release|x86.ActiveCfg = Release|Win32
		{02944777-34DF-4C52-A8E9-EFF47D39B7AE}.Release|x86.Build.0 = Release|Win32
		{33A6DE2A-CD84-4A10-911F-6393288043D4}.Debug|x64.ActiveCfg = Debug|x64
		{33A6DE2A-CD84-4A10-911F-6393288043D4}.Debug|x64.Build.0 = Debug|x64
		{33A6DE2A-CD84-4A10-911F-6393288043D4}.Debug|x86.ActiveCfg = Debug|Win32
		{33A6DE2A-CD84-4A10-911F-6393288043D4}.Debug|x86.Build.0 = Debug|Win32
		{33A6DE2A-CD84-4A10-911F-6393288043D4}.Release|x64.ActiveCfg = Release|x64
		{33A6DE2A-CD84-4A10-911F-6393288043D4}.Release|x64.Build.0 = Release|x64
		{33A6DE2A-CD84-4A10-911F-6393288043D4}.Release|x86.ActiveCfg = Release|Win32
		{33A6DE2A-CD84-4A10-911F-6393288043D4}.Release|x86.Build.0 = Release|Win32
		{5BE8EBAF-9B9D-4AC3-A584-480C59048F55}.Debug|x64.ActiveCfg = Debug|x64
		{5BE8EBAF-9B9D-4AC3-A584-480C59048F55}.Debug|x64.Build.0 = Debug|x64
		{5BE8EBAF-9B9D-4AC3-A584-480C59048F55}.Debug|x86.ActiveCfg = Debug|Win32
		{5BE8EBAF-9B9D-4AC3-A584-480C59048F55}.Debug|x86.Build.0 = Debug|Win32
		{5BE8EBAF-9B9D-4AC3-A584-480C59048F55}.Release|x64.ActiveCfg = Release|x64
		{5BE8EBAF-9B9D-4AC3-A584-480C59048F55}.Release|x64.Build.0 = Release|x64
		{5BE8EBAF-9B9D-4AC3-A584-480C59048F55}.Release|x86.ActiveCfg = Release|Win32
		{5BE8EBAF-9B9D-4AC3-A584-480C59048F55}.Release|x86.Build.0 = Release|Win32
		{380605EA-A225-472A-98F3-9595836875A2}.Debug|x64.ActiveCfg = Debug|x64
		{380605EA-A225-472A-98F3-9595836875A2}.Debug|x64.Build.0 = Debug|x64
		{380605EA-A225-472A-98F3-9595836875A2}.Debug|x86.ActiveCfg = Debug|Win32
		{380605EA-A225-472A-98F3-9595836875A2}.Debug|x86.Build.0 = Debug|Win32
		{380605EA-A225-472A-98F3-9595836875A2}.Release|x64.ActiveCfg = Release|x64
		{380605EA-A225-472A-98F3-9595836875A2}.Release|x64.Build.0 = Release|x64
		{380605EA-A225-472A-98F3-9595836875A2}.Release|x86.ActiveCfg = Release|Win32
		{380605EA-A225-472A-98F3-9595836875A2}.Release|x86.Build.0 = Release|Win32
		{C8890746-2443-421E-8831-B60F15C73166}.Debug|x64.ActiveCfg = Debug|x64
		{C8890746-2443-421E-8831-B60F15C73166}.Debug|x64.Build.0 = Debug|x64
		{C8890746-2443-421E-8831-B60F15C73166}.Debug|x86.ActiveCfg = Debug|Win32
		{C8890746-2443-421E-8831-B60F15C73166}.Debug|x86.Build.0 = Debug|Win32
		{C8890746-2443-421E-8831-B60F15C73166}.Release|x64.ActiveCfg = Release|x64
		{C8890746-2443-421E-8831-B60F15C73166}.Release|x64.Build.0 = Release|x64
		{C8890746-2443-421E-8831-B60F15C73166}.Release|x86.ActiveCfg = Release|Win32
		{C8890746-2443-421E-8831-B60F15C73166}.Release|x86.Build.0 = Release|Win32
		{22084F79-AFCB-465F-885E-507A537D2C2E}.Debug|x64.ActiveCfg = Debug|x64
		{22084F79-AFCB-465F-885E-507A537D2C2E}.Debug|x64.Build.0 = Debug|x64
		{22084F79-AFCB-465F-885E-507A537D2C2E}.Debug|x86.ActiveCfg = Debug|Win32
		{22084F79-AFCB-465F-885E-507A537D2C2E}.Debug|x86.Build.0 = Debug|Win32
		{22084F79-AFCB-465F-885E-507A537D2C2E}.Release|x64.ActiveCfg = Release|x64
		{22084F79-AFCB-465F-885E-507A537D2C2E}.Release|x64.Build.0 = Release|x64
		{22084F79-AFCB-465F-885E-507A537D2C2E}.Release|x86.ActiveCfg = Release|Win32
		{22084F79-AFCB-465F-885E-507A537D2C2E}.Release|x86.Build.0 = Release|Win32
		{A71359B8-2AF7-462C-BF70-DC39821718C9}.Debug|x64.ActiveCfg = Debug|x64
		{A71359B8-2AF7-462C-BF70-DC39821718C9}.Debug|x64.Build.0 = Debug|x64
		{A71359B8-2AF7-462C-BF70-DC39821718C9}.Debug|x86.ActiveCfg = Debug|Win32
		{A71359B8-2AF7-462C-BF70-DC39821718C9}.Debug|x86.Build.0 = Debug|Win32
		{A71359B8-2AF7-462C-BF70-DC39821718C9}.Release|x64.ActiveCfg = Release|x64
		{A71359B8-2AF7-462C-BF70-DC39821718C9}.Release|x64.Build.0 = Release|x64
		{A71359B8-2AF7-462C-BF70-DC39821718C9}.Release|x86.ActiveCfg = Release|Win32
		{A71359B8-2AF7-462C-BF70-DC39821718C9}.Release|x86.Build.0 = Release|Win32
		{CA6210A5-EEDF-4A5D-8BB0-13B94404345B}.Debug|x64.ActiveCfg = Debug|x64
		{CA6210A5-EEDF-4A5D-8BB0-13B94404345B}.Debug|x64.Build.0 = Debug|x64
		{CA6210A5-EEDF-4A5D-8BB0-13B94404345B}.Debug|x86.ActiveCfg = Debug|Win32
		{CA6210A5-EEDF-4A5D-8BB0-13B94404345B}.Debug|x86.Build.0 = Debug|Win32
		{CA6210A5-EEDF-4A5D-8BB0-13B94404345B}.Release|x64.ActiveCfg = Release|x64
		{CA6210A5-EEDF-4A5D-8BB0-13B94404345B}.Release|x64.Build.0 = Release|x64
		{CA6210A5-EEDF-4A5D-8BB0-13B94404345B}.Release|x86.ActiveCfg = Release|Win32
		{CA6210A5-EEDF-4A5D-8BB0-13B94404345B}.Release|x86.Build.0 = Release|Win32
		{9AEB8948-E557-47D1-A893-FA9452990E47}.Debug|x64.ActiveCfg = Debug|x64
		{9AEB8948-E557-47D1-A893-FA9452990E47}.Debug|x64.Build.0 = Debug|x64
		{9AEB8948-E557-47D1-A893-FA9452990E47}.Debug|x86.ActiveCfg = Debug|Win32
		{9AEB8948-E557-47D1-A893-FA9452990E47}.Debug|x86.Build.0 = Debug|Win32
		{9AEB8948-E557-47D1-A893-FA9452990E47}.Release|x64.ActiveCfg = Release|x64
		{9AEB8948-E557-47D1-A893-FA9452990E47}.Release|x64.Build.0 = Release|x64
		{9AEB8948-E557-47D1-A893-FA9452990E47}.Release|x86.ActiveCfg = Release|Win32
		{9AEB8948-E557-47D1-A893-FA9452990E47}.Release|x86.Build.0 = Release|Win32
		{B8C6757F-70A0-42CC-9E04-FA79C81E0381}.Debug|x64.ActiveCfg = Debug|x64
		{B8C6757F-70A0-42CC-9E04-FA79C81E0381}.Debug|x64.Build.0 = Debug|x64
		{B8C6757F-70A0-42CC-9E04-FA79C81E0381}.Debug|x86.ActiveCfg = Debug|Win32
		{B8C6757F-70A0-42CC-9E04-FA79C81E0381}.Debug|x86.Build.0 = Debug|Win32
		{B8C6757F-70A0-42CC-9E04-FA79C81E0381}.Release|x64.ActiveCfg = Release|x64
		{B8C6757F-70A0-42CC-9E04-FA79C81E0381}.Release|x64.Build.0 = Release|x64
		{B8C6757F-70A0-42CC-9E04-FA79C81E0381}.Release|x86.ActiveCfg = Release|Win32
		{B8C6757F-70A0-42CC-9E04-FA79C81E0381}.Release|x86.Build.0 = Release|Win32
		{633F01C1-BEFB-461B-A07F-0B428BDE8856}.Debug|x64.ActiveCfg = Debug|x64
		{633F01C1-BEFB-461B-A07F-0B428BDE8856}.Debug|x64.Build.0 = Debug|x64
		{633F01C1-BEFB-461B-A07F-0B428BDE8856}.Debug|x86.ActiveCfg = Debug|Win32
		{633F01C1-BEFB-461B-A07F-0B428BDE8856}.Debug|x86.Build.0 = Debug|Win32
		{633F01C1-BEFB-461B-A07F-0B428BDE8856}.Release|x64.ActiveCfg = Release|x64
		{633F01C1-BEFB-461B-A07F-0B428BDE8856}.Release|x64.Build.0 = Release|x64
		{633F01C1-BEFB-461B-A07F-0B428BDE8856}.Release|x86.ActiveCfg = Release|Win32
		{633F01C1-BEFB-461B-A07F-0B428BDE8856}.Release|x86.Build.0 = Release|Win32
		{B88483A7-5271-4769-AF1D-5D673CD7B23B}.Debug|x64.ActiveCfg = Debug|x64
		{B88483A7-5271-4769-AF1D-5D673CD7B23B}.Debug|x64.Build.0 = Debug|x64
		{B88483A7-5271-4769-AF1D-5D673CD7B23B}.Debug|x86.ActiveCfg = Debug|Win32
		{B88483A7-5271-4769-AF1D-5D673CD7B23B}.Debug|x86.Build.0 = Debug|Win32
		{B88483A7-5271-4769-AF1D-5D673CD7B23B}.Release|x64.ActiveCfg = Release|x64
		{B88483A7-5271-4769-AF1D-5D673CD7B23B}.Release|x64.Build.0 = Release|x64
		{B88483A7-5271-4769-AF1D-5D673CD7B23B}.Release|x86.ActiveCfg = Release|Win32
		{B88483A7-5271-4769-AF1D-5D673CD7B23B}.Release|x86.Build.0 = Release|Win32
		{EA58BEC2-3655-4D04-A5C5-036663D9E1DD}.Debug|x64.ActiveCfg = Debug|x64
		{EA58BEC2-3655-4D04-A5C5-036663D9E1DD}.Debug|x64.Build.0 = Debug|x64
		{EA58BEC2-3655-4D04-A5C5-036663D9E1DD}.Debug|x86.ActiveCfg = Debug|Win32
		{EA58BEC2-3655-4D04-A5C5-036663D9E1DD}.Debug|x86.Build.0 = Debug|Win32
		{EA58BEC2-3655-4D04-A5C5-036663D9E1DD}.Release|x64.ActiveCfg = Release|x64
		{EA58BEC2-3655-4D04-A5C5-036663D9E1DD}.Release|x64.Build.0 = Release|x64
		{EA58BEC2-3655-4D04-A5C5-036663D9E1DD}.Release|x86.ActiveCfg = Release|Win32
		{EA58BEC2-3655-4D04-A5C5-036663D9E1DD}.Release|x86.Build.0 = Release|Win32
		{9E6B44F9-3109-4F03-B3BE-F57673154BD1}.Debug|x64.ActiveCfg = Debug|x64
		{9E6B44F9-3109-4F03-B3BE-F57673154BD1}.Debug|x64.Build.0 = Debug|x64
		{9E6B44F9-3109-4F03-B3BE-F57673154BD1}.Debug|x86.ActiveCfg = Debug|Win32
		{9E6B44F9-3109-4F03-B3BE-F57673154BD1}.Debug|x86.Build.0 = Debug|Win32
		{9E6B44F9-3109-4F03-B3BE-F57673154BD1}.Release|x64.ActiveCfg = Release|x64
		{9E6B44F9-3109-4F03-B3BE-F57673154BD1}.Release|x64.Build.0 = Release|x64
		{9E6B44F9-3109-4F03-B3BE-F57673154BD1}.Release|x86.ActiveCfg = Release|Win32
		{9E6B44F9-3109-4F03-B3BE-F57673154BD1}.Release|x86.Build.0 = Release|Win32
		{AA78D400-3651-4A2C-9262-43B068247FB2}.Debug|x64.ActiveCfg = Debug|x64
		{AA78D400-3651-4A2C-9262-43B068247FB2}.Debug|x64.Build.0 = Debug|x64
		{AA78D400-3651-4A2C-9262-43B068247FB2}.Debug|x86.ActiveCfg = Debug|Win32
		{AA78D400-3651-4A2C-9262-43B068247FB2}.Debug|x86.Build.0 = Debug|Win32
		{AA78D400-3651-4A2C-9262-43B068247FB2}.Release|x64.ActiveCfg = Release|x64
		{AA78D400-3651-4A2C-9262-43B068247FB2}.Release|x64.Build.0 = Release|x64
		{AA78D400-3651-4A2C-9262-43B068247FB2}.Release|x86.ActiveCfg = Release|Win32
		{AA78D400-3651-4A2C-9262-43B068247FB2}.Release|x86.Build.0 = Release|Win32
		{61D43D50-B5F7-4DC2-AFD3-C8A291DB7111}.Debug|x64.ActiveCfg = Debug|x64
		{61D43D50-B5F7-4DC2-AFD3-C8A291DB7111}.Debug|x64.Build.0 = Debug|x64
		{61D43D50-B5F7-4DC2-AFD3-C8A291DB7111}.Debug|x86.ActiveCfg = Debug|Win32
		{61D43D50-B5F7-4DC2-AFD3-C8A291DB7111}.Debug|x86.Build.0 = Debug|Win32
		{61D43D50-B5F7-4DC2-AFD3-C8A291DB7111}.Release|x64.ActiveCfg = Release|x64
		{61D43D50-B5F7-4DC2-AFD3-C8A291DB7111}.Release|x64.Build.0 = Release|x64
		{61D43D50-B5F7-4DC2-AFD3-C8A291DB7111}.Release|x86.ActiveCfg = Release|Win32
		{61D43D50-B5F7-4DC2-AFD3-C8A291DB7111}.Release|x86.Build.0 = Release|Win32
		{80C27088-92A7-449A-A113-EE6B71A49E29}.Debug|x64.ActiveCfg = Debug|x64
		{80C27088-92A7-449A-A113-EE6B71A49E29}.Debug|x64.Build.0 = Debug|x64
		{80C27088-92A7-449A-A113-EE6B71A49E29}.Debug|x86.ActiveCfg = Debug|Win32
		{80C27088-92A7-449A-A113-EE6B71A49E29}.Debug|x86.Build.0 = Debug|Win32
		{80C27088-92A7-449A-A113-EE6B71A49E29}.Release|x64.ActiveCfg = Release|x64
		{80C27088-92A7-449A-A113-EE6B71A49E29}.Release|x64.Build.0 = Release|x64
		{80C27088-92A7-449A-A113-EE6B71A49E29}.Release|x86.ActiveCfg = Release|Win32
		{80C27088-92A7-449A-A113-EE6B71A49E29}.Release|x86.Build.0 = Release|Win32
		{5E375A4C-1684-4F2F-B985-44422A4BA0E4}.Debug|x64.ActiveCfg = Debug|x64
		{5E375A4C-1684-4F2F-B985-44422A4BA0E4}.Debug|x64.Build.0 = Debug|x64
		{5E375A4C-1684-4F2F-B985-44422A4BA0E4}.Debug|x86.ActiveCfg = Debug|Win32
		{5E375A4C-1684-4F2F-B985-44422A4BA0E4}.Debug|x86.Build.0 = Debug|Win32
		{5E375A4C-1684-4F2F-B985-44422A4BA0E4}.Release|x64.ActiveCfg = Release|x64
		{5E375A4C-1684-4F2F-B985-44422A4BA0E4}.Release|x64.Build.0 = Release|x64
		{5E375A4C-1684-4F2F-B985-44422A4BA0E4}.Release|x86.ActiveCfg = Release|Win32
		{5E375A4C-1684-4F2F-B985-44422A4BA0E4}.Release|x86.Build.0 = Release|Win32
		{8C1C1FDC-76F3-431A-BE7A-35983FC00AE3}.Debug|x64.ActiveCfg = Debug|x64
		{8C1C1FDC-76F3-431A-BE7A-35983FC00AE3}.Debug|x64.Build.0 = Debug|x64
		{8C1C1FDC-76F3-431A-BE7A-35983FC00AE3}.Debug|x86.ActiveCfg = Debug|Win32
		{8C1C1FDC-76F3-431A-BE7A-35983FC00AE3}.Debug|x86.Build.0 = Debug|Win32
		{8C1C1FDC-76F3-431A-BE7A-35983FC00AE3}.Release|x64.ActiveCfg = Release|x64
		{8C1C1FDC-76F3-431A-BE7A-35983FC00AE3}.Release|x64.Build.0 = Release|x64
		{8C1C1FDC-76F3-431A-BE7A-35983FC00AE3}.Release|x86.ActiveCfg = Release|Win32
		{8C1C1FDC-76F3-431A-BE7A-35983FC00AE3}.Release|x86.Build.0 = Release|Win32
		{A142DD62-830B-4DC0-90C7-523650B6A565}.Debug|x64.ActiveCfg = Debug|x64
		{A142DD62-830B-4DC0-90C7-523650B6A565}.Debug|x64.Build.0 = Debug|x64
		{A142DD62-830B-4DC0-90C7-523650B6A565}.Debug|x86.ActiveCfg = Debug|Win32
		{A142DD62-830B-4DC0-90C7-523650B6A565}.Debug|x86.Build.0 = Debug|Win32
		{A142DD62-830B-4DC0-90C7-523650B6A565}.Release|x64.ActiveCfg = Release|x64
		{A142DD62-830B-4DC0-90C7-523650B6A565}.Release|x64.Build.0 = Release|x64
		{A142DD62-830B-4DC0-90C7-523650B6A565}.Release|x86.ActiveCfg = Release|Win32
		{A142DD62-830B-4DC0-90C7-523650B6A565}.Release|x86.Build.0 = Release|Win32
	EndGlobalSection
	GlobalSection(SolutionProperties) = preSolution
		HideSolutionNode = FALSE
	EndGlobalSection
	GlobalSection(ExtensibilityGlobals) = postSolution
		SolutionGuid = {1AED4045-7882-405D-BFA0-F272637CB4C2}
	EndGlobalSection
EndGlobal
