
Microsoft Visual Studio Solution File, Format Version 12.00
# Visual Studio Version 16
VisualStudioVersion = 16.0.30907.101
MinimumVisualStudioVersion = 10.0.40219.1
Project("{8BC9CEB8-8B4A-11D0-8D11-00A0C91BC942}") = "ProjectEuler", "ProjectEuler\ProjectEuler.vcxproj", "{E2AC50BB-4BD9-4E4F-8DC7-96FC9FCA9DCF}"
	ProjectSection(ProjectDependencies) = postProject
		{AA78D400-3651-4A2C-9262-43B068247FB2} = {AA78D400-3651-4A2C-9262-43B068247FB2}
	EndProjectSection
EndProject
Project("{8BC9CEB8-8B4A-11D0-8D11-00A0C91BC942}") = "EulerLib", "EulerLib\EulerLib.vcxproj", "{AA78D400-3651-4A2C-9262-43B068247FB2}"
EndProject
Global
	GlobalSection(SolutionConfigurationPlatforms) = preSolution
		Debug|x64 = Debug|x64
		Debug|x86 = Debug|x86
		Release|x64 = Release|x64
		Release|x86 = Release|x86
	EndGlobalSection
	GlobalSection(ProjectConfigurationPlatforms) = postSolution
		{E2AC50BB-4BD9-4E4F-8DC7-96FC9FCA9DCF}.Debug|x64.ActiveCfg = Debug|x64
		{E2AC50BB-4BD9-4E4F-8DC7-96FC9FCA9DCF}.Debug|x64.Build.0 = Debug|x64
		{E2AC50BB-4BD9-4E4F-8DC7-96FC9FCA9DCF}.Debug|x86.ActiveCfg = Debug|Win32
		{E2AC50BB-4BD9-4E4F-8DC7-96FC9FCA9DCF}.Debug|x86.Build.0 = Debug|Win32
		{E2AC50BB-4BD9-4E4F-8DC7-96FC9FCA9DCF}.Release|x64.ActiveCfg = Release|x64
		{E2AC50BB-4BD9-4E4F-8DC7-96FC9FCA9DCF}.Release|x64.Build.0 = Release|x64
		{E2AC50BB-4BD9-4E4F-8DC7-96FC9FCA9DCF}.Release|x86.ActiveCfg = Release|Win32
		{E2AC50BB-4BD9-4E4F-8DC7-96FC9FCA9DCF}.Release|x86.Build.0 = Release|Win32
		{AA78D400-3651-4A2C-9262-43B068247FB2}.Debug|x64.ActiveCfg = Debug|x64
		{AA78D400-3651-4A2C-9262-43B068247FB2}.Debug|x64.Build.0 = Debug|x64
		{AA78D400-3651-4A2C-9262-43B068247FB2}.Debug|x86.ActiveCfg = Debug|Win32
		{AA78D400-3651-4A2C-9262-43B068247FB2}.Debug|x86.Build.0 = Debug|Win32
		{AA78D400-3651-4A2C-9262-43B068247FB2}.Release|x64.ActiveCfg = Release|x64
		{AA78D400-3651-4A2C-9262-43B068247FB2}.Release|x64.Build.0 = Release|x64
		{AA78D400-3651-4A2C-9262-43B068247FB2}.Release|x86.ActiveCfg = Release|Win32
		{AA78D400-3651-4A2C-9262-43B068247FB2}.Release|x86.Build.0 = Release|Win32
	EndGlobalSection
	GlobalSection(SolutionProperties) = preSolution
		HideSolutionNode = FALSE
	EndGlobalSection
	GlobalSection(ExtensibilityGlobals) = postSolution
		SolutionGuid = {1AED4045-7882-405D-BFA0-F272637CB4C2}
	EndGlobalSection
EndGlobal
